// !$*UTF8*$!
{
	archiveVersion = 1;
	classes = {
	};
	objectVersion = 46;
	objects = {

/* Begin PBXBuildFile section */
		82DA85E41C8AFC1000ADB899 /* FlightsParser.swift in Sources */ = {isa = PBXBuildFile; fileRef = 82DA85E31C8AFC1000ADB899 /* FlightsParser.swift */; };
		82DA85E61C8B020000ADB899 /* TrainsParser.swift in Sources */ = {isa = PBXBuildFile; fileRef = 82DA85E51C8B020000ADB899 /* TrainsParser.swift */; };
		82DA85E91C8B42A700ADB899 /* FlightSearchResultTableViewCell.swift in Sources */ = {isa = PBXBuildFile; fileRef = 82DA85E71C8B42A700ADB899 /* FlightSearchResultTableViewCell.swift */; };
		921714E31C8B691F00355736 /* ClientModel.swift in Sources */ = {isa = PBXBuildFile; fileRef = 921714E21C8B691F00355736 /* ClientModel.swift */; };
		92E7FA431C8AEF1F00AAEA57 /* AppDelegate.swift in Sources */ = {isa = PBXBuildFile; fileRef = 92E7FA421C8AEF1F00AAEA57 /* AppDelegate.swift */; };
		92E7FA451C8AEF1F00AAEA57 /* LoginViewController.swift in Sources */ = {isa = PBXBuildFile; fileRef = 92E7FA441C8AEF1F00AAEA57 /* LoginViewController.swift */; };
		92E7FA481C8AEF1F00AAEA57 /* Main.storyboard in Resources */ = {isa = PBXBuildFile; fileRef = 92E7FA461C8AEF1F00AAEA57 /* Main.storyboard */; };
		92E7FA4A1C8AEF1F00AAEA57 /* Assets.xcassets in Resources */ = {isa = PBXBuildFile; fileRef = 92E7FA491C8AEF1F00AAEA57 /* Assets.xcassets */; };
		92E7FA4D1C8AEF1F00AAEA57 /* LaunchScreen.storyboard in Resources */ = {isa = PBXBuildFile; fileRef = 92E7FA4B1C8AEF1F00AAEA57 /* LaunchScreen.storyboard */; };
		92E7FA5C1C8AF3C200AAEA57 /* ObjectExtension.swift in Sources */ = {isa = PBXBuildFile; fileRef = 92E7FA5A1C8AF3C200AAEA57 /* ObjectExtension.swift */; };
		92E7FA5D1C8AF3C200AAEA57 /* RealmExtension.swift in Sources */ = {isa = PBXBuildFile; fileRef = 92E7FA5B1C8AF3C200AAEA57 /* RealmExtension.swift */; };
		92E7FA611C8AF52400AAEA57 /* DataModelController.swift in Sources */ = {isa = PBXBuildFile; fileRef = 92E7FA5F1C8AF52400AAEA57 /* DataModelController.swift */; };
		92E7FA621C8AF52400AAEA57 /* DataModelMigration.swift in Sources */ = {isa = PBXBuildFile; fileRef = 92E7FA601C8AF52400AAEA57 /* DataModelMigration.swift */; };
		92E7FA691C8AF55E00AAEA57 /* Bolts.framework in Frameworks */ = {isa = PBXBuildFile; fileRef = 92E7FA631C8AF55E00AAEA57 /* Bolts.framework */; };
		92E7FA6A1C8AF55E00AAEA57 /* Parse.framework in Frameworks */ = {isa = PBXBuildFile; fileRef = 92E7FA641C8AF55E00AAEA57 /* Parse.framework */; };
		92E7FA6B1C8AF55E00AAEA57 /* ParseFacebookUtils.framework in Frameworks */ = {isa = PBXBuildFile; fileRef = 92E7FA651C8AF55E00AAEA57 /* ParseFacebookUtils.framework */; };
		92E7FA6C1C8AF55E00AAEA57 /* ParseFacebookUtilsV4.framework in Frameworks */ = {isa = PBXBuildFile; fileRef = 92E7FA661C8AF55E00AAEA57 /* ParseFacebookUtilsV4.framework */; };
		92E7FA6D1C8AF55E00AAEA57 /* ParseTwitterUtils.framework in Frameworks */ = {isa = PBXBuildFile; fileRef = 92E7FA671C8AF55E00AAEA57 /* ParseTwitterUtils.framework */; };
		92E7FA6E1C8AF55E00AAEA57 /* ParseUI.framework in Frameworks */ = {isa = PBXBuildFile; fileRef = 92E7FA681C8AF55E00AAEA57 /* ParseUI.framework */; };
		92E7FA701C8AF57700AAEA57 /* AudioToolbox.framework in Frameworks */ = {isa = PBXBuildFile; fileRef = 92E7FA6F1C8AF57700AAEA57 /* AudioToolbox.framework */; };
		92E7FA721C8AF57E00AAEA57 /* CFNetwork.framework in Frameworks */ = {isa = PBXBuildFile; fileRef = 92E7FA711C8AF57E00AAEA57 /* CFNetwork.framework */; };
		92E7FA741C8AF58600AAEA57 /* CoreGraphics.framework in Frameworks */ = {isa = PBXBuildFile; fileRef = 92E7FA731C8AF58600AAEA57 /* CoreGraphics.framework */; };
		92E7FA761C8AF58D00AAEA57 /* CoreLocation.framework in Frameworks */ = {isa = PBXBuildFile; fileRef = 92E7FA751C8AF58D00AAEA57 /* CoreLocation.framework */; };
		92E7FA781C8AF59F00AAEA57 /* QuartzCore.framework in Frameworks */ = {isa = PBXBuildFile; fileRef = 92E7FA771C8AF59F00AAEA57 /* QuartzCore.framework */; };
		92E7FA7A1C8AF5C900AAEA57 /* Security.framework in Frameworks */ = {isa = PBXBuildFile; fileRef = 92E7FA791C8AF5C900AAEA57 /* Security.framework */; };
		92E7FA7E1C8AF5DA00AAEA57 /* SystemConfiguration.framework in Frameworks */ = {isa = PBXBuildFile; fileRef = 92E7FA7D1C8AF5DA00AAEA57 /* SystemConfiguration.framework */; };
		92E7FA801C8AF5E400AAEA57 /* libz.tbd in Frameworks */ = {isa = PBXBuildFile; fileRef = 92E7FA7F1C8AF5E400AAEA57 /* libz.tbd */; };
		92E7FA821C8AF5ED00AAEA57 /* libsqlite3.tbd in Frameworks */ = {isa = PBXBuildFile; fileRef = 92E7FA811C8AF5ED00AAEA57 /* libsqlite3.tbd */; };
		92E7FA841C8AF60D00AAEA57 /* Social.framework in Frameworks */ = {isa = PBXBuildFile; fileRef = 92E7FA831C8AF60D00AAEA57 /* Social.framework */; };
		92E7FA861C8AF62400AAEA57 /* Accounts.framework in Frameworks */ = {isa = PBXBuildFile; fileRef = 92E7FA851C8AF62400AAEA57 /* Accounts.framework */; };
		92E7FA991C8AF74A00AAEA57 /* Oswald-Bold.ttf in Resources */ = {isa = PBXBuildFile; fileRef = 92E7FA8A1C8AF74A00AAEA57 /* Oswald-Bold.ttf */; };
		92E7FA9A1C8AF74A00AAEA57 /* Oswald-BoldItalic.ttf in Resources */ = {isa = PBXBuildFile; fileRef = 92E7FA8B1C8AF74A00AAEA57 /* Oswald-BoldItalic.ttf */; };
		92E7FA9B1C8AF74A00AAEA57 /* Oswald-Demi-BoldItalic.ttf in Resources */ = {isa = PBXBuildFile; fileRef = 92E7FA8C1C8AF74A00AAEA57 /* Oswald-Demi-BoldItalic.ttf */; };
		92E7FA9C1C8AF74A00AAEA57 /* Oswald-DemiBold.ttf in Resources */ = {isa = PBXBuildFile; fileRef = 92E7FA8D1C8AF74A00AAEA57 /* Oswald-DemiBold.ttf */; };
		92E7FA9D1C8AF74A00AAEA57 /* Oswald-Extra-LightItalic.ttf in Resources */ = {isa = PBXBuildFile; fileRef = 92E7FA8E1C8AF74A00AAEA57 /* Oswald-Extra-LightItalic.ttf */; };
		92E7FA9E1C8AF74A00AAEA57 /* Oswald-ExtraLight.ttf in Resources */ = {isa = PBXBuildFile; fileRef = 92E7FA8F1C8AF74A00AAEA57 /* Oswald-ExtraLight.ttf */; };
		92E7FA9F1C8AF74A00AAEA57 /* Oswald-Heavy.ttf in Resources */ = {isa = PBXBuildFile; fileRef = 92E7FA901C8AF74A00AAEA57 /* Oswald-Heavy.ttf */; };
		92E7FAA01C8AF74A00AAEA57 /* Oswald-HeavyItalic.ttf in Resources */ = {isa = PBXBuildFile; fileRef = 92E7FA911C8AF74A00AAEA57 /* Oswald-HeavyItalic.ttf */; };
		92E7FAA11C8AF74A00AAEA57 /* Oswald-Light.ttf in Resources */ = {isa = PBXBuildFile; fileRef = 92E7FA921C8AF74A00AAEA57 /* Oswald-Light.ttf */; };
		92E7FAA21C8AF74A00AAEA57 /* Oswald-LightItalic.ttf in Resources */ = {isa = PBXBuildFile; fileRef = 92E7FA931C8AF74A00AAEA57 /* Oswald-LightItalic.ttf */; };
		92E7FAA31C8AF74A00AAEA57 /* Oswald-Medium.ttf in Resources */ = {isa = PBXBuildFile; fileRef = 92E7FA941C8AF74A00AAEA57 /* Oswald-Medium.ttf */; };
		92E7FAA41C8AF74A00AAEA57 /* Oswald-MediumItalic.ttf in Resources */ = {isa = PBXBuildFile; fileRef = 92E7FA951C8AF74A00AAEA57 /* Oswald-MediumItalic.ttf */; };
		92E7FAA51C8AF74A00AAEA57 /* Oswald-Regular.ttf in Resources */ = {isa = PBXBuildFile; fileRef = 92E7FA961C8AF74A00AAEA57 /* Oswald-Regular.ttf */; };
		92E7FAA61C8AF74A00AAEA57 /* Oswald-RegularItalic.ttf in Resources */ = {isa = PBXBuildFile; fileRef = 92E7FA971C8AF74A00AAEA57 /* Oswald-RegularItalic.ttf */; };
		92E7FAA71C8AF74A00AAEA57 /* Oswald-Stencil.ttf in Resources */ = {isa = PBXBuildFile; fileRef = 92E7FA981C8AF74A00AAEA57 /* Oswald-Stencil.ttf */; };
		92E7FAA91C8AFC4400AAEA57 /* UIColorExtension.swift in Sources */ = {isa = PBXBuildFile; fileRef = 92E7FAA81C8AFC4400AAEA57 /* UIColorExtension.swift */; };
		92E7FAAF1C8AFED900AAEA57 /* THStyleButton.swift in Sources */ = {isa = PBXBuildFile; fileRef = 92E7FAAE1C8AFED900AAEA57 /* THStyleButton.swift */; };
		92E7FAFB1C8B046B00AAEA57 /* ALView+PureLayout.m in Sources */ = {isa = PBXBuildFile; fileRef = 92E7FAF31C8B046B00AAEA57 /* ALView+PureLayout.m */; };
		92E7FAFC1C8B046B00AAEA57 /* NSArray+PureLayout.m in Sources */ = {isa = PBXBuildFile; fileRef = 92E7FAF51C8B046B00AAEA57 /* NSArray+PureLayout.m */; };
		92E7FAFD1C8B046B00AAEA57 /* NSLayoutConstraint+PureLayout.m in Sources */ = {isa = PBXBuildFile; fileRef = 92E7FAF71C8B046B00AAEA57 /* NSLayoutConstraint+PureLayout.m */; };
		92E7FAFF1C8B0EA100AAEA57 /* AZTabBarController.swift in Sources */ = {isa = PBXBuildFile; fileRef = 92E7FAFE1C8B0EA100AAEA57 /* AZTabBarController.swift */; };
		92E7FB051C8B0F5600AAEA57 /* TripsViewController.swift in Sources */ = {isa = PBXBuildFile; fileRef = 92E7FB041C8B0F5600AAEA57 /* TripsViewController.swift */; };
		92E7FB071C8B0F5E00AAEA57 /* ProfileViewController.swift in Sources */ = {isa = PBXBuildFile; fileRef = 92E7FB061C8B0F5E00AAEA57 /* ProfileViewController.swift */; };
		92E7FB091C8B0F6400AAEA57 /* SettingsViewController.swift in Sources */ = {isa = PBXBuildFile; fileRef = 92E7FB081C8B0F6400AAEA57 /* SettingsViewController.swift */; };
		92E7FB0C1C8B0FC900AAEA57 /* UIView+AZViewFromNib.m in Sources */ = {isa = PBXBuildFile; fileRef = 92E7FB0B1C8B0FC900AAEA57 /* UIView+AZViewFromNib.m */; };
		92E7FB111C8B0FEC00AAEA57 /* TabBarItem.swift in Sources */ = {isa = PBXBuildFile; fileRef = 92E7FB0F1C8B0FEC00AAEA57 /* TabBarItem.swift */; };
		92E7FB121C8B0FEC00AAEA57 /* TabBarItem.xib in Resources */ = {isa = PBXBuildFile; fileRef = 92E7FB101C8B0FEC00AAEA57 /* TabBarItem.xib */; };
		92E7FB151C8B148300AAEA57 /* NavigationViewController.swift in Sources */ = {isa = PBXBuildFile; fileRef = 92E7FB141C8B148300AAEA57 /* NavigationViewController.swift */; };
		92E7FB171C8B14ED00AAEA57 /* Image.swift in Sources */ = {isa = PBXBuildFile; fileRef = 92E7FB161C8B14ED00AAEA57 /* Image.swift */; };
		92E7FB1C1C8B21CA00AAEA57 /* THCircleVIew.swift in Sources */ = {isa = PBXBuildFile; fileRef = 92E7FB1B1C8B21CA00AAEA57 /* THCircleVIew.swift */; };
		92E7FB1E1C8B24AD00AAEA57 /* TripTableViewCell.swift in Sources */ = {isa = PBXBuildFile; fileRef = 92E7FB1D1C8B24AD00AAEA57 /* TripTableViewCell.swift */; };
		92E7FB221C8B289000AAEA57 /* AddTripViewController.swift in Sources */ = {isa = PBXBuildFile; fileRef = 92E7FB211C8B289000AAEA57 /* AddTripViewController.swift */; };
		92E7FB241C8B329B00AAEA57 /* DatePickerDialog.swift in Sources */ = {isa = PBXBuildFile; fileRef = 92E7FB231C8B329B00AAEA57 /* DatePickerDialog.swift */; };
		92E7FB261C8B385000AAEA57 /* AddTripResultsTableViewController.swift in Sources */ = {isa = PBXBuildFile; fileRef = 92E7FB251C8B385000AAEA57 /* AddTripResultsTableViewController.swift */; };
		92E7FB281C8B48F100AAEA57 /* THUnderlineButton.swift in Sources */ = {isa = PBXBuildFile; fileRef = 92E7FB271C8B48F100AAEA57 /* THUnderlineButton.swift */; };
		92E7FB2F1C8B4ED800AAEA57 /* FacebookSDKStrings.bundle in Resources */ = {isa = PBXBuildFile; fileRef = 92E7FB291C8B4ED800AAEA57 /* FacebookSDKStrings.bundle */; };
		92E7FB301C8B4ED800AAEA57 /* FBAudienceNetwork.framework in Frameworks */ = {isa = PBXBuildFile; fileRef = 92E7FB2A1C8B4ED800AAEA57 /* FBAudienceNetwork.framework */; };
		92E7FB311C8B4ED800AAEA57 /* FBSDKCoreKit.framework in Frameworks */ = {isa = PBXBuildFile; fileRef = 92E7FB2B1C8B4ED800AAEA57 /* FBSDKCoreKit.framework */; };
		92E7FB321C8B4ED800AAEA57 /* FBSDKLoginKit.framework in Frameworks */ = {isa = PBXBuildFile; fileRef = 92E7FB2C1C8B4ED800AAEA57 /* FBSDKLoginKit.framework */; };
		92E7FB331C8B4ED800AAEA57 /* FBSDKMessengerShareKit.framework in Frameworks */ = {isa = PBXBuildFile; fileRef = 92E7FB2D1C8B4ED800AAEA57 /* FBSDKMessengerShareKit.framework */; };
		92E7FB341C8B4ED800AAEA57 /* FBSDKShareKit.framework in Frameworks */ = {isa = PBXBuildFile; fileRef = 92E7FB2E1C8B4ED800AAEA57 /* FBSDKShareKit.framework */; };
		C5FE9618152BE27B9F21130B /* Pods.framework in Frameworks */ = {isa = PBXBuildFile; fileRef = F465A4FA21830BB714761C66 /* Pods.framework */; };
/* End PBXBuildFile section */

/* Begin PBXFileReference section */
		32F2547C821ACCF2A219DDA6 /* Pods.debug.xcconfig */ = {isa = PBXFileReference; includeInIndex = 1; lastKnownFileType = text.xcconfig; name = Pods.debug.xcconfig; path = "Pods/Target Support Files/Pods/Pods.debug.xcconfig"; sourceTree = "<group>"; };
		82DA85E31C8AFC1000ADB899 /* FlightsParser.swift */ = {isa = PBXFileReference; fileEncoding = 4; lastKnownFileType = sourcecode.swift; path = FlightsParser.swift; sourceTree = "<group>"; };
		82DA85E51C8B020000ADB899 /* TrainsParser.swift */ = {isa = PBXFileReference; fileEncoding = 4; lastKnownFileType = sourcecode.swift; path = TrainsParser.swift; sourceTree = "<group>"; };
		82DA85E71C8B42A700ADB899 /* FlightSearchResultTableViewCell.swift */ = {isa = PBXFileReference; fileEncoding = 4; lastKnownFileType = sourcecode.swift; path = FlightSearchResultTableViewCell.swift; sourceTree = "<group>"; };
		921714E21C8B691F00355736 /* ClientModel.swift */ = {isa = PBXFileReference; fileEncoding = 4; lastKnownFileType = sourcecode.swift; path = ClientModel.swift; sourceTree = "<group>"; };
		92E7FA3F1C8AEF1F00AAEA57 /* THackMarch2016.app */ = {isa = PBXFileReference; explicitFileType = wrapper.application; includeInIndex = 0; path = THackMarch2016.app; sourceTree = BUILT_PRODUCTS_DIR; };
		92E7FA421C8AEF1F00AAEA57 /* AppDelegate.swift */ = {isa = PBXFileReference; lastKnownFileType = sourcecode.swift; path = AppDelegate.swift; sourceTree = "<group>"; };
		92E7FA441C8AEF1F00AAEA57 /* LoginViewController.swift */ = {isa = PBXFileReference; lastKnownFileType = sourcecode.swift; path = LoginViewController.swift; sourceTree = "<group>"; };
		92E7FA471C8AEF1F00AAEA57 /* Base */ = {isa = PBXFileReference; lastKnownFileType = file.storyboard; name = Base; path = Base.lproj/Main.storyboard; sourceTree = "<group>"; };
		92E7FA491C8AEF1F00AAEA57 /* Assets.xcassets */ = {isa = PBXFileReference; lastKnownFileType = folder.assetcatalog; path = Assets.xcassets; sourceTree = "<group>"; };
		92E7FA4C1C8AEF1F00AAEA57 /* Base */ = {isa = PBXFileReference; lastKnownFileType = file.storyboard; name = Base; path = Base.lproj/LaunchScreen.storyboard; sourceTree = "<group>"; };
		92E7FA4E1C8AEF1F00AAEA57 /* Info.plist */ = {isa = PBXFileReference; lastKnownFileType = text.plist.xml; path = Info.plist; sourceTree = "<group>"; };
		92E7FA5A1C8AF3C200AAEA57 /* ObjectExtension.swift */ = {isa = PBXFileReference; fileEncoding = 4; lastKnownFileType = sourcecode.swift; path = ObjectExtension.swift; sourceTree = "<group>"; };
		92E7FA5B1C8AF3C200AAEA57 /* RealmExtension.swift */ = {isa = PBXFileReference; fileEncoding = 4; lastKnownFileType = sourcecode.swift; path = RealmExtension.swift; sourceTree = "<group>"; };
		92E7FA5F1C8AF52400AAEA57 /* DataModelController.swift */ = {isa = PBXFileReference; fileEncoding = 4; lastKnownFileType = sourcecode.swift; path = DataModelController.swift; sourceTree = "<group>"; };
		92E7FA601C8AF52400AAEA57 /* DataModelMigration.swift */ = {isa = PBXFileReference; fileEncoding = 4; lastKnownFileType = sourcecode.swift; path = DataModelMigration.swift; sourceTree = "<group>"; };
		92E7FA631C8AF55E00AAEA57 /* Bolts.framework */ = {isa = PBXFileReference; lastKnownFileType = wrapper.framework; path = Bolts.framework; sourceTree = "<group>"; };
		92E7FA641C8AF55E00AAEA57 /* Parse.framework */ = {isa = PBXFileReference; lastKnownFileType = wrapper.framework; path = Parse.framework; sourceTree = "<group>"; };
		92E7FA651C8AF55E00AAEA57 /* ParseFacebookUtils.framework */ = {isa = PBXFileReference; lastKnownFileType = wrapper.framework; path = ParseFacebookUtils.framework; sourceTree = "<group>"; };
		92E7FA661C8AF55E00AAEA57 /* ParseFacebookUtilsV4.framework */ = {isa = PBXFileReference; lastKnownFileType = wrapper.framework; path = ParseFacebookUtilsV4.framework; sourceTree = "<group>"; };
		92E7FA671C8AF55E00AAEA57 /* ParseTwitterUtils.framework */ = {isa = PBXFileReference; lastKnownFileType = wrapper.framework; path = ParseTwitterUtils.framework; sourceTree = "<group>"; };
		92E7FA681C8AF55E00AAEA57 /* ParseUI.framework */ = {isa = PBXFileReference; lastKnownFileType = wrapper.framework; path = ParseUI.framework; sourceTree = "<group>"; };
		92E7FA6F1C8AF57700AAEA57 /* AudioToolbox.framework */ = {isa = PBXFileReference; lastKnownFileType = wrapper.framework; name = AudioToolbox.framework; path = System/Library/Frameworks/AudioToolbox.framework; sourceTree = SDKROOT; };
		92E7FA711C8AF57E00AAEA57 /* CFNetwork.framework */ = {isa = PBXFileReference; lastKnownFileType = wrapper.framework; name = CFNetwork.framework; path = System/Library/Frameworks/CFNetwork.framework; sourceTree = SDKROOT; };
		92E7FA731C8AF58600AAEA57 /* CoreGraphics.framework */ = {isa = PBXFileReference; lastKnownFileType = wrapper.framework; name = CoreGraphics.framework; path = System/Library/Frameworks/CoreGraphics.framework; sourceTree = SDKROOT; };
		92E7FA751C8AF58D00AAEA57 /* CoreLocation.framework */ = {isa = PBXFileReference; lastKnownFileType = wrapper.framework; name = CoreLocation.framework; path = System/Library/Frameworks/CoreLocation.framework; sourceTree = SDKROOT; };
		92E7FA771C8AF59F00AAEA57 /* QuartzCore.framework */ = {isa = PBXFileReference; lastKnownFileType = wrapper.framework; name = QuartzCore.framework; path = System/Library/Frameworks/QuartzCore.framework; sourceTree = SDKROOT; };
		92E7FA791C8AF5C900AAEA57 /* Security.framework */ = {isa = PBXFileReference; lastKnownFileType = wrapper.framework; name = Security.framework; path = System/Library/Frameworks/Security.framework; sourceTree = SDKROOT; };
		92E7FA7D1C8AF5DA00AAEA57 /* SystemConfiguration.framework */ = {isa = PBXFileReference; lastKnownFileType = wrapper.framework; name = SystemConfiguration.framework; path = System/Library/Frameworks/SystemConfiguration.framework; sourceTree = SDKROOT; };
		92E7FA7F1C8AF5E400AAEA57 /* libz.tbd */ = {isa = PBXFileReference; lastKnownFileType = "sourcecode.text-based-dylib-definition"; name = libz.tbd; path = usr/lib/libz.tbd; sourceTree = SDKROOT; };
		92E7FA811C8AF5ED00AAEA57 /* libsqlite3.tbd */ = {isa = PBXFileReference; lastKnownFileType = "sourcecode.text-based-dylib-definition"; name = libsqlite3.tbd; path = usr/lib/libsqlite3.tbd; sourceTree = SDKROOT; };
		92E7FA831C8AF60D00AAEA57 /* Social.framework */ = {isa = PBXFileReference; lastKnownFileType = wrapper.framework; name = Social.framework; path = System/Library/Frameworks/Social.framework; sourceTree = SDKROOT; };
		92E7FA851C8AF62400AAEA57 /* Accounts.framework */ = {isa = PBXFileReference; lastKnownFileType = wrapper.framework; name = Accounts.framework; path = System/Library/Frameworks/Accounts.framework; sourceTree = SDKROOT; };
		92E7FA8A1C8AF74A00AAEA57 /* Oswald-Bold.ttf */ = {isa = PBXFileReference; lastKnownFileType = file; path = "Oswald-Bold.ttf"; sourceTree = "<group>"; };
		92E7FA8B1C8AF74A00AAEA57 /* Oswald-BoldItalic.ttf */ = {isa = PBXFileReference; lastKnownFileType = file; path = "Oswald-BoldItalic.ttf"; sourceTree = "<group>"; };
		92E7FA8C1C8AF74A00AAEA57 /* Oswald-Demi-BoldItalic.ttf */ = {isa = PBXFileReference; lastKnownFileType = file; path = "Oswald-Demi-BoldItalic.ttf"; sourceTree = "<group>"; };
		92E7FA8D1C8AF74A00AAEA57 /* Oswald-DemiBold.ttf */ = {isa = PBXFileReference; lastKnownFileType = file; path = "Oswald-DemiBold.ttf"; sourceTree = "<group>"; };
		92E7FA8E1C8AF74A00AAEA57 /* Oswald-Extra-LightItalic.ttf */ = {isa = PBXFileReference; lastKnownFileType = file; path = "Oswald-Extra-LightItalic.ttf"; sourceTree = "<group>"; };
		92E7FA8F1C8AF74A00AAEA57 /* Oswald-ExtraLight.ttf */ = {isa = PBXFileReference; lastKnownFileType = file; path = "Oswald-ExtraLight.ttf"; sourceTree = "<group>"; };
		92E7FA901C8AF74A00AAEA57 /* Oswald-Heavy.ttf */ = {isa = PBXFileReference; lastKnownFileType = file; path = "Oswald-Heavy.ttf"; sourceTree = "<group>"; };
		92E7FA911C8AF74A00AAEA57 /* Oswald-HeavyItalic.ttf */ = {isa = PBXFileReference; lastKnownFileType = file; path = "Oswald-HeavyItalic.ttf"; sourceTree = "<group>"; };
		92E7FA921C8AF74A00AAEA57 /* Oswald-Light.ttf */ = {isa = PBXFileReference; lastKnownFileType = file; path = "Oswald-Light.ttf"; sourceTree = "<group>"; };
		92E7FA931C8AF74A00AAEA57 /* Oswald-LightItalic.ttf */ = {isa = PBXFileReference; lastKnownFileType = file; path = "Oswald-LightItalic.ttf"; sourceTree = "<group>"; };
		92E7FA941C8AF74A00AAEA57 /* Oswald-Medium.ttf */ = {isa = PBXFileReference; lastKnownFileType = file; path = "Oswald-Medium.ttf"; sourceTree = "<group>"; };
		92E7FA951C8AF74A00AAEA57 /* Oswald-MediumItalic.ttf */ = {isa = PBXFileReference; lastKnownFileType = file; path = "Oswald-MediumItalic.ttf"; sourceTree = "<group>"; };
		92E7FA961C8AF74A00AAEA57 /* Oswald-Regular.ttf */ = {isa = PBXFileReference; lastKnownFileType = file; path = "Oswald-Regular.ttf"; sourceTree = "<group>"; };
		92E7FA971C8AF74A00AAEA57 /* Oswald-RegularItalic.ttf */ = {isa = PBXFileReference; lastKnownFileType = file; path = "Oswald-RegularItalic.ttf"; sourceTree = "<group>"; };
		92E7FA981C8AF74A00AAEA57 /* Oswald-Stencil.ttf */ = {isa = PBXFileReference; lastKnownFileType = file; path = "Oswald-Stencil.ttf"; sourceTree = "<group>"; };
		92E7FAA81C8AFC4400AAEA57 /* UIColorExtension.swift */ = {isa = PBXFileReference; fileEncoding = 4; lastKnownFileType = sourcecode.swift; path = UIColorExtension.swift; sourceTree = "<group>"; };
		92E7FAAA1C8AFC9800AAEA57 /* THackMarch2016-Bridging-Header.h */ = {isa = PBXFileReference; lastKnownFileType = sourcecode.c.h; path = "THackMarch2016-Bridging-Header.h"; sourceTree = "<group>"; };
		92E7FAAE1C8AFED900AAEA57 /* THStyleButton.swift */ = {isa = PBXFileReference; fileEncoding = 4; lastKnownFileType = sourcecode.swift; path = THStyleButton.swift; sourceTree = "<group>"; };
		92E7FAF21C8B046B00AAEA57 /* ALView+PureLayout.h */ = {isa = PBXFileReference; fileEncoding = 4; lastKnownFileType = sourcecode.c.h; path = "ALView+PureLayout.h"; sourceTree = "<group>"; };
		92E7FAF31C8B046B00AAEA57 /* ALView+PureLayout.m */ = {isa = PBXFileReference; fileEncoding = 4; lastKnownFileType = sourcecode.c.objc; path = "ALView+PureLayout.m"; sourceTree = "<group>"; };
		92E7FAF41C8B046B00AAEA57 /* NSArray+PureLayout.h */ = {isa = PBXFileReference; fileEncoding = 4; lastKnownFileType = sourcecode.c.h; path = "NSArray+PureLayout.h"; sourceTree = "<group>"; };
		92E7FAF51C8B046B00AAEA57 /* NSArray+PureLayout.m */ = {isa = PBXFileReference; fileEncoding = 4; lastKnownFileType = sourcecode.c.objc; path = "NSArray+PureLayout.m"; sourceTree = "<group>"; };
		92E7FAF61C8B046B00AAEA57 /* NSLayoutConstraint+PureLayout.h */ = {isa = PBXFileReference; fileEncoding = 4; lastKnownFileType = sourcecode.c.h; path = "NSLayoutConstraint+PureLayout.h"; sourceTree = "<group>"; };
		92E7FAF71C8B046B00AAEA57 /* NSLayoutConstraint+PureLayout.m */ = {isa = PBXFileReference; fileEncoding = 4; lastKnownFileType = sourcecode.c.objc; path = "NSLayoutConstraint+PureLayout.m"; sourceTree = "<group>"; };
		92E7FAF81C8B046B00AAEA57 /* PureLayout.h */ = {isa = PBXFileReference; fileEncoding = 4; lastKnownFileType = sourcecode.c.h; path = PureLayout.h; sourceTree = "<group>"; };
		92E7FAF91C8B046B00AAEA57 /* PureLayout+Internal.h */ = {isa = PBXFileReference; fileEncoding = 4; lastKnownFileType = sourcecode.c.h; path = "PureLayout+Internal.h"; sourceTree = "<group>"; };
		92E7FAFA1C8B046B00AAEA57 /* PureLayoutDefines.h */ = {isa = PBXFileReference; fileEncoding = 4; lastKnownFileType = sourcecode.c.h; path = PureLayoutDefines.h; sourceTree = "<group>"; };
		92E7FAFE1C8B0EA100AAEA57 /* AZTabBarController.swift */ = {isa = PBXFileReference; fileEncoding = 4; lastKnownFileType = sourcecode.swift; path = AZTabBarController.swift; sourceTree = "<group>"; };
		92E7FB041C8B0F5600AAEA57 /* TripsViewController.swift */ = {isa = PBXFileReference; fileEncoding = 4; lastKnownFileType = sourcecode.swift; path = TripsViewController.swift; sourceTree = "<group>"; };
		92E7FB061C8B0F5E00AAEA57 /* ProfileViewController.swift */ = {isa = PBXFileReference; fileEncoding = 4; lastKnownFileType = sourcecode.swift; path = ProfileViewController.swift; sourceTree = "<group>"; };
		92E7FB081C8B0F6400AAEA57 /* SettingsViewController.swift */ = {isa = PBXFileReference; fileEncoding = 4; lastKnownFileType = sourcecode.swift; path = SettingsViewController.swift; sourceTree = "<group>"; };
		92E7FB0A1C8B0FC900AAEA57 /* UIView+AZViewFromNib.h */ = {isa = PBXFileReference; fileEncoding = 4; lastKnownFileType = sourcecode.c.h; path = "UIView+AZViewFromNib.h"; sourceTree = "<group>"; };
		92E7FB0B1C8B0FC900AAEA57 /* UIView+AZViewFromNib.m */ = {isa = PBXFileReference; fileEncoding = 4; lastKnownFileType = sourcecode.c.objc; path = "UIView+AZViewFromNib.m"; sourceTree = "<group>"; };
		92E7FB0F1C8B0FEC00AAEA57 /* TabBarItem.swift */ = {isa = PBXFileReference; fileEncoding = 4; lastKnownFileType = sourcecode.swift; path = TabBarItem.swift; sourceTree = "<group>"; };
		92E7FB101C8B0FEC00AAEA57 /* TabBarItem.xib */ = {isa = PBXFileReference; fileEncoding = 4; lastKnownFileType = file.xib; path = TabBarItem.xib; sourceTree = "<group>"; };
		92E7FB141C8B148300AAEA57 /* NavigationViewController.swift */ = {isa = PBXFileReference; fileEncoding = 4; lastKnownFileType = sourcecode.swift; path = NavigationViewController.swift; sourceTree = "<group>"; };
		92E7FB161C8B14ED00AAEA57 /* Image.swift */ = {isa = PBXFileReference; fileEncoding = 4; lastKnownFileType = sourcecode.swift; path = Image.swift; sourceTree = "<group>"; };
		92E7FB1B1C8B21CA00AAEA57 /* THCircleVIew.swift */ = {isa = PBXFileReference; fileEncoding = 4; lastKnownFileType = sourcecode.swift; path = THCircleVIew.swift; sourceTree = "<group>"; };
		92E7FB1D1C8B24AD00AAEA57 /* TripTableViewCell.swift */ = {isa = PBXFileReference; fileEncoding = 4; lastKnownFileType = sourcecode.swift; path = TripTableViewCell.swift; sourceTree = "<group>"; };
		92E7FB211C8B289000AAEA57 /* AddTripViewController.swift */ = {isa = PBXFileReference; fileEncoding = 4; lastKnownFileType = sourcecode.swift; path = AddTripViewController.swift; sourceTree = "<group>"; };
		92E7FB231C8B329B00AAEA57 /* DatePickerDialog.swift */ = {isa = PBXFileReference; fileEncoding = 4; lastKnownFileType = sourcecode.swift; path = DatePickerDialog.swift; sourceTree = "<group>"; };
		92E7FB251C8B385000AAEA57 /* AddTripResultsTableViewController.swift */ = {isa = PBXFileReference; fileEncoding = 4; lastKnownFileType = sourcecode.swift; path = AddTripResultsTableViewController.swift; sourceTree = "<group>"; };
		92E7FB271C8B48F100AAEA57 /* THUnderlineButton.swift */ = {isa = PBXFileReference; fileEncoding = 4; lastKnownFileType = sourcecode.swift; path = THUnderlineButton.swift; sourceTree = "<group>"; };
		92E7FB291C8B4ED800AAEA57 /* FacebookSDKStrings.bundle */ = {isa = PBXFileReference; lastKnownFileType = "wrapper.plug-in"; path = FacebookSDKStrings.bundle; sourceTree = "<group>"; };
		92E7FB2A1C8B4ED800AAEA57 /* FBAudienceNetwork.framework */ = {isa = PBXFileReference; lastKnownFileType = wrapper.framework; path = FBAudienceNetwork.framework; sourceTree = "<group>"; };
		92E7FB2B1C8B4ED800AAEA57 /* FBSDKCoreKit.framework */ = {isa = PBXFileReference; lastKnownFileType = wrapper.framework; path = FBSDKCoreKit.framework; sourceTree = "<group>"; };
		92E7FB2C1C8B4ED800AAEA57 /* FBSDKLoginKit.framework */ = {isa = PBXFileReference; lastKnownFileType = wrapper.framework; path = FBSDKLoginKit.framework; sourceTree = "<group>"; };
		92E7FB2D1C8B4ED800AAEA57 /* FBSDKMessengerShareKit.framework */ = {isa = PBXFileReference; lastKnownFileType = wrapper.framework; path = FBSDKMessengerShareKit.framework; sourceTree = "<group>"; };
		92E7FB2E1C8B4ED800AAEA57 /* FBSDKShareKit.framework */ = {isa = PBXFileReference; lastKnownFileType = wrapper.framework; path = FBSDKShareKit.framework; sourceTree = "<group>"; };
		E91BC5E9A83E4377A5CF1BFF /* Pods.release.xcconfig */ = {isa = PBXFileReference; includeInIndex = 1; lastKnownFileType = text.xcconfig; name = Pods.release.xcconfig; path = "Pods/Target Support Files/Pods/Pods.release.xcconfig"; sourceTree = "<group>"; };
		F465A4FA21830BB714761C66 /* Pods.framework */ = {isa = PBXFileReference; explicitFileType = wrapper.framework; includeInIndex = 0; path = Pods.framework; sourceTree = BUILT_PRODUCTS_DIR; };
/* End PBXFileReference section */

/* Begin PBXFrameworksBuildPhase section */
		92E7FA3C1C8AEF1F00AAEA57 /* Frameworks */ = {
			isa = PBXFrameworksBuildPhase;
			buildActionMask = 2147483647;
			files = (
				92E7FA861C8AF62400AAEA57 /* Accounts.framework in Frameworks */,
				92E7FA841C8AF60D00AAEA57 /* Social.framework in Frameworks */,
				92E7FA821C8AF5ED00AAEA57 /* libsqlite3.tbd in Frameworks */,
				92E7FB301C8B4ED800AAEA57 /* FBAudienceNetwork.framework in Frameworks */,
				92E7FB311C8B4ED800AAEA57 /* FBSDKCoreKit.framework in Frameworks */,
				92E7FA801C8AF5E400AAEA57 /* libz.tbd in Frameworks */,
				92E7FB331C8B4ED800AAEA57 /* FBSDKMessengerShareKit.framework in Frameworks */,
				92E7FA7E1C8AF5DA00AAEA57 /* SystemConfiguration.framework in Frameworks */,
				92E7FB341C8B4ED800AAEA57 /* FBSDKShareKit.framework in Frameworks */,
				92E7FB321C8B4ED800AAEA57 /* FBSDKLoginKit.framework in Frameworks */,
				92E7FA7A1C8AF5C900AAEA57 /* Security.framework in Frameworks */,
				92E7FA781C8AF59F00AAEA57 /* QuartzCore.framework in Frameworks */,
				92E7FA761C8AF58D00AAEA57 /* CoreLocation.framework in Frameworks */,
				92E7FA741C8AF58600AAEA57 /* CoreGraphics.framework in Frameworks */,
				92E7FA721C8AF57E00AAEA57 /* CFNetwork.framework in Frameworks */,
				92E7FA701C8AF57700AAEA57 /* AudioToolbox.framework in Frameworks */,
				C5FE9618152BE27B9F21130B /* Pods.framework in Frameworks */,
				92E7FA6A1C8AF55E00AAEA57 /* Parse.framework in Frameworks */,
				92E7FA6E1C8AF55E00AAEA57 /* ParseUI.framework in Frameworks */,
				92E7FA6B1C8AF55E00AAEA57 /* ParseFacebookUtils.framework in Frameworks */,
				92E7FA691C8AF55E00AAEA57 /* Bolts.framework in Frameworks */,
				92E7FA6D1C8AF55E00AAEA57 /* ParseTwitterUtils.framework in Frameworks */,
				92E7FA6C1C8AF55E00AAEA57 /* ParseFacebookUtilsV4.framework in Frameworks */,
			);
			runOnlyForDeploymentPostprocessing = 0;
		};
/* End PBXFrameworksBuildPhase section */

/* Begin PBXGroup section */
		63666AA10668B51D43101664 /* Pods */ = {
			isa = PBXGroup;
			children = (
				32F2547C821ACCF2A219DDA6 /* Pods.debug.xcconfig */,
				E91BC5E9A83E4377A5CF1BFF /* Pods.release.xcconfig */,
			);
			name = Pods;
			sourceTree = "<group>";
		};
		92E7FA361C8AEF1F00AAEA57 = {
			isa = PBXGroup;
			children = (
				92E7FA411C8AEF1F00AAEA57 /* THackMarch2016 */,
				92E7FA401C8AEF1F00AAEA57 /* Products */,
				EB1AA26022F9DF1F0C9FF26E /* Frameworks */,
				63666AA10668B51D43101664 /* Pods */,
			);
			sourceTree = "<group>";
		};
		92E7FA401C8AEF1F00AAEA57 /* Products */ = {
			isa = PBXGroup;
			children = (
				92E7FA3F1C8AEF1F00AAEA57 /* THackMarch2016.app */,
			);
			name = Products;
			sourceTree = "<group>";
		};
		92E7FA411C8AEF1F00AAEA57 /* THackMarch2016 */ = {
			isa = PBXGroup;
			children = (
				92E7FA461C8AEF1F00AAEA57 /* Main.storyboard */,
				82DA85E71C8B42A700ADB899 /* FlightSearchResultTableViewCell.swift */,
				92E7FA541C8AF34200AAEA57 /* Sources */,
				92E7FA551C8AF34700AAEA57 /* Resources */,
			);
			path = THackMarch2016;
			sourceTree = "<group>";
		};
		92E7FA541C8AF34200AAEA57 /* Sources */ = {
			isa = PBXGroup;
			children = (
				92E7FA421C8AEF1F00AAEA57 /* AppDelegate.swift */,
				92E7FA571C8AF35B00AAEA57 /* Common */,
				92E7FA871C8AF6E800AAEA57 /* Controllers */,
				92E7FA5E1C8AF51C00AAEA57 /* Models */,
				92E7FA561C8AF34D00AAEA57 /* ViewControllers+Cells */,
				92E7FA881C8AF6F300AAEA57 /* Views */,
			);
			name = Sources;
			sourceTree = "<group>";
		};
		92E7FA551C8AF34700AAEA57 /* Resources */ = {
			isa = PBXGroup;
			children = (
				92E7FAAA1C8AFC9800AAEA57 /* THackMarch2016-Bridging-Header.h */,
				92E7FA891C8AF72F00AAEA57 /* Fonts */,
				92E7FA491C8AEF1F00AAEA57 /* Assets.xcassets */,
				92E7FA4B1C8AEF1F00AAEA57 /* LaunchScreen.storyboard */,
				92E7FA4E1C8AEF1F00AAEA57 /* Info.plist */,
			);
			name = Resources;
			sourceTree = "<group>";
		};
		92E7FA561C8AF34D00AAEA57 /* ViewControllers+Cells */ = {
			isa = PBXGroup;
			children = (
				92E7FB181C8B160300AAEA57 /* MainTabs */,
				92E7FB191C8B160800AAEA57 /* Additional */,
			);
			name = "ViewControllers+Cells";
			sourceTree = "<group>";
		};
		92E7FA571C8AF35B00AAEA57 /* Common */ = {
			isa = PBXGroup;
			children = (
				92E7FA581C8AF3A500AAEA57 /* Classes */,
				92E7FA591C8AF3A800AAEA57 /* Extensions */,
			);
			name = Common;
			sourceTree = "<group>";
		};
		92E7FA581C8AF3A500AAEA57 /* Classes */ = {
			isa = PBXGroup;
			children = (
				92E7FB231C8B329B00AAEA57 /* DatePickerDialog.swift */,
				82DA85E31C8AFC1000ADB899 /* FlightsParser.swift */,
				82DA85E51C8B020000ADB899 /* TrainsParser.swift */,
				92E7FAF11C8B045800AAEA57 /* PureLayout */,
			);
			name = Classes;
			sourceTree = "<group>";
		};
		92E7FA591C8AF3A800AAEA57 /* Extensions */ = {
			isa = PBXGroup;
			children = (
				92E7FB0D1C8B0FCF00AAEA57 /* ViewFromNib */,
				92E7FA5A1C8AF3C200AAEA57 /* ObjectExtension.swift */,
				92E7FA5B1C8AF3C200AAEA57 /* RealmExtension.swift */,
				92E7FAA81C8AFC4400AAEA57 /* UIColorExtension.swift */,
				92E7FB161C8B14ED00AAEA57 /* Image.swift */,
			);
			name = Extensions;
			sourceTree = "<group>";
		};
		92E7FA5E1C8AF51C00AAEA57 /* Models */ = {
			isa = PBXGroup;
			children = (
				92E7FA5F1C8AF52400AAEA57 /* DataModelController.swift */,
				92E7FA601C8AF52400AAEA57 /* DataModelMigration.swift */,
				921714E21C8B691F00355736 /* ClientModel.swift */,
			);
			name = Models;
			sourceTree = "<group>";
		};
		92E7FA871C8AF6E800AAEA57 /* Controllers */ = {
			isa = PBXGroup;
			children = (
			);
			name = Controllers;
			sourceTree = "<group>";
		};
		92E7FA881C8AF6F300AAEA57 /* Views */ = {
			isa = PBXGroup;
			children = (
				92E7FB0E1C8B0FE600AAEA57 /* TabBarItem */,
				92E7FAFE1C8B0EA100AAEA57 /* AZTabBarController.swift */,
				92E7FAAE1C8AFED900AAEA57 /* THStyleButton.swift */,
				92E7FB1B1C8B21CA00AAEA57 /* THCircleVIew.swift */,
				92E7FB271C8B48F100AAEA57 /* THUnderlineButton.swift */,
			);
			name = Views;
			sourceTree = "<group>";
		};
		92E7FA891C8AF72F00AAEA57 /* Fonts */ = {
			isa = PBXGroup;
			children = (
				92E7FA8A1C8AF74A00AAEA57 /* Oswald-Bold.ttf */,
				92E7FA8B1C8AF74A00AAEA57 /* Oswald-BoldItalic.ttf */,
				92E7FA8C1C8AF74A00AAEA57 /* Oswald-Demi-BoldItalic.ttf */,
				92E7FA8D1C8AF74A00AAEA57 /* Oswald-DemiBold.ttf */,
				92E7FA8E1C8AF74A00AAEA57 /* Oswald-Extra-LightItalic.ttf */,
				92E7FA8F1C8AF74A00AAEA57 /* Oswald-ExtraLight.ttf */,
				92E7FA901C8AF74A00AAEA57 /* Oswald-Heavy.ttf */,
				92E7FA911C8AF74A00AAEA57 /* Oswald-HeavyItalic.ttf */,
				92E7FA921C8AF74A00AAEA57 /* Oswald-Light.ttf */,
				92E7FA931C8AF74A00AAEA57 /* Oswald-LightItalic.ttf */,
				92E7FA941C8AF74A00AAEA57 /* Oswald-Medium.ttf */,
				92E7FA951C8AF74A00AAEA57 /* Oswald-MediumItalic.ttf */,
				92E7FA961C8AF74A00AAEA57 /* Oswald-Regular.ttf */,
				92E7FA971C8AF74A00AAEA57 /* Oswald-RegularItalic.ttf */,
				92E7FA981C8AF74A00AAEA57 /* Oswald-Stencil.ttf */,
			);
			name = Fonts;
			sourceTree = "<group>";
		};
		92E7FAF11C8B045800AAEA57 /* PureLayout */ = {
			isa = PBXGroup;
			children = (
				92E7FAF21C8B046B00AAEA57 /* ALView+PureLayout.h */,
				92E7FAF31C8B046B00AAEA57 /* ALView+PureLayout.m */,
				92E7FAF41C8B046B00AAEA57 /* NSArray+PureLayout.h */,
				92E7FAF51C8B046B00AAEA57 /* NSArray+PureLayout.m */,
				92E7FAF61C8B046B00AAEA57 /* NSLayoutConstraint+PureLayout.h */,
				92E7FAF71C8B046B00AAEA57 /* NSLayoutConstraint+PureLayout.m */,
				92E7FAF81C8B046B00AAEA57 /* PureLayout.h */,
				92E7FAF91C8B046B00AAEA57 /* PureLayout+Internal.h */,
				92E7FAFA1C8B046B00AAEA57 /* PureLayoutDefines.h */,
			);
			name = PureLayout;
			sourceTree = "<group>";
		};
		92E7FB001C8B0F1600AAEA57 /* Login */ = {
			isa = PBXGroup;
			children = (
				92E7FA441C8AEF1F00AAEA57 /* LoginViewController.swift */,
			);
			name = Login;
			sourceTree = "<group>";
		};
		92E7FB011C8B0F1F00AAEA57 /* Trips */ = {
			isa = PBXGroup;
			children = (
				92E7FB1F1C8B286A00AAEA57 /* AllTrips */,
				92E7FB201C8B287100AAEA57 /* AddTrip */,
			);
			name = Trips;
			sourceTree = "<group>";
		};
		92E7FB021C8B0F2700AAEA57 /* Profile */ = {
			isa = PBXGroup;
			children = (
				92E7FB061C8B0F5E00AAEA57 /* ProfileViewController.swift */,
			);
			name = Profile;
			sourceTree = "<group>";
		};
		92E7FB031C8B0F3000AAEA57 /* Settings */ = {
			isa = PBXGroup;
			children = (
				92E7FB081C8B0F6400AAEA57 /* SettingsViewController.swift */,
			);
			name = Settings;
			sourceTree = "<group>";
		};
		92E7FB0D1C8B0FCF00AAEA57 /* ViewFromNib */ = {
			isa = PBXGroup;
			children = (
				92E7FB0A1C8B0FC900AAEA57 /* UIView+AZViewFromNib.h */,
				92E7FB0B1C8B0FC900AAEA57 /* UIView+AZViewFromNib.m */,
			);
			name = ViewFromNib;
			sourceTree = "<group>";
		};
		92E7FB0E1C8B0FE600AAEA57 /* TabBarItem */ = {
			isa = PBXGroup;
			children = (
				92E7FB0F1C8B0FEC00AAEA57 /* TabBarItem.swift */,
				92E7FB101C8B0FEC00AAEA57 /* TabBarItem.xib */,
			);
			name = TabBarItem;
			sourceTree = "<group>";
		};
		92E7FB131C8B146D00AAEA57 /* Navigation */ = {
			isa = PBXGroup;
			children = (
				92E7FB141C8B148300AAEA57 /* NavigationViewController.swift */,
			);
			name = Navigation;
			sourceTree = "<group>";
		};
		92E7FB181C8B160300AAEA57 /* MainTabs */ = {
			isa = PBXGroup;
			children = (
				92E7FB011C8B0F1F00AAEA57 /* Trips */,
				92E7FB021C8B0F2700AAEA57 /* Profile */,
				92E7FB031C8B0F3000AAEA57 /* Settings */,
			);
			name = MainTabs;
			sourceTree = "<group>";
		};
		92E7FB191C8B160800AAEA57 /* Additional */ = {
			isa = PBXGroup;
			children = (
				92E7FB001C8B0F1600AAEA57 /* Login */,
				92E7FB131C8B146D00AAEA57 /* Navigation */,
			);
			name = Additional;
			sourceTree = "<group>";
		};
		92E7FB1A1C8B1C2600AAEA57 /* Cell */ = {
			isa = PBXGroup;
			children = (
				92E7FB1D1C8B24AD00AAEA57 /* TripTableViewCell.swift */,
			);
			name = Cell;
			sourceTree = "<group>";
		};
		92E7FB1F1C8B286A00AAEA57 /* AllTrips */ = {
			isa = PBXGroup;
			children = (
				92E7FB1A1C8B1C2600AAEA57 /* Cell */,
				92E7FB041C8B0F5600AAEA57 /* TripsViewController.swift */,
			);
			name = AllTrips;
			sourceTree = "<group>";
		};
		92E7FB201C8B287100AAEA57 /* AddTrip */ = {
			isa = PBXGroup;
			children = (
				92E7FB211C8B289000AAEA57 /* AddTripViewController.swift */,
				92E7FB251C8B385000AAEA57 /* AddTripResultsTableViewController.swift */,
			);
			name = AddTrip;
			sourceTree = "<group>";
		};
		EB1AA26022F9DF1F0C9FF26E /* Frameworks */ = {
			isa = PBXGroup;
			children = (
				92E7FB291C8B4ED800AAEA57 /* FacebookSDKStrings.bundle */,
				92E7FB2A1C8B4ED800AAEA57 /* FBAudienceNetwork.framework */,
				92E7FB2B1C8B4ED800AAEA57 /* FBSDKCoreKit.framework */,
				92E7FB2C1C8B4ED800AAEA57 /* FBSDKLoginKit.framework */,
				92E7FB2D1C8B4ED800AAEA57 /* FBSDKMessengerShareKit.framework */,
				92E7FB2E1C8B4ED800AAEA57 /* FBSDKShareKit.framework */,
				92E7FA851C8AF62400AAEA57 /* Accounts.framework */,
				92E7FA831C8AF60D00AAEA57 /* Social.framework */,
				92E7FA811C8AF5ED00AAEA57 /* libsqlite3.tbd */,
				92E7FA7F1C8AF5E400AAEA57 /* libz.tbd */,
				92E7FA7D1C8AF5DA00AAEA57 /* SystemConfiguration.framework */,
				92E7FA791C8AF5C900AAEA57 /* Security.framework */,
				92E7FA771C8AF59F00AAEA57 /* QuartzCore.framework */,
				92E7FA751C8AF58D00AAEA57 /* CoreLocation.framework */,
				92E7FA731C8AF58600AAEA57 /* CoreGraphics.framework */,
				92E7FA711C8AF57E00AAEA57 /* CFNetwork.framework */,
				92E7FA6F1C8AF57700AAEA57 /* AudioToolbox.framework */,
				92E7FA631C8AF55E00AAEA57 /* Bolts.framework */,
				92E7FA641C8AF55E00AAEA57 /* Parse.framework */,
				92E7FA651C8AF55E00AAEA57 /* ParseFacebookUtils.framework */,
				92E7FA661C8AF55E00AAEA57 /* ParseFacebookUtilsV4.framework */,
				92E7FA671C8AF55E00AAEA57 /* ParseTwitterUtils.framework */,
				92E7FA681C8AF55E00AAEA57 /* ParseUI.framework */,
				F465A4FA21830BB714761C66 /* Pods.framework */,
			);
			name = Frameworks;
			sourceTree = "<group>";
		};
/* End PBXGroup section */

/* Begin PBXNativeTarget section */
		92E7FA3E1C8AEF1F00AAEA57 /* THackMarch2016 */ = {
			isa = PBXNativeTarget;
			buildConfigurationList = 92E7FA511C8AEF1F00AAEA57 /* Build configuration list for PBXNativeTarget "THackMarch2016" */;
			buildPhases = (
				D4554D79544F30049E02394A /* Check Pods Manifest.lock */,
				92E7FA3B1C8AEF1F00AAEA57 /* Sources */,
				92E7FA3C1C8AEF1F00AAEA57 /* Frameworks */,
				92E7FA3D1C8AEF1F00AAEA57 /* Resources */,
				A3ACA74F07E73A4A54456816 /* Embed Pods Frameworks */,
				19140E9529DD3B20263F45C5 /* Copy Pods Resources */,
			);
			buildRules = (
			);
			dependencies = (
			);
			name = THackMarch2016;
			productName = THackMarch2016;
			productReference = 92E7FA3F1C8AEF1F00AAEA57 /* THackMarch2016.app */;
			productType = "com.apple.product-type.application";
		};
/* End PBXNativeTarget section */

/* Begin PBXProject section */
		92E7FA371C8AEF1F00AAEA57 /* Project object */ = {
			isa = PBXProject;
			attributes = {
				LastSwiftUpdateCheck = 0720;
				LastUpgradeCheck = 0720;
				ORGANIZATIONNAME = "Alex & Vadim";
				TargetAttributes = {
					92E7FA3E1C8AEF1F00AAEA57 = {
						CreatedOnToolsVersion = 7.2.1;
						DevelopmentTeam = 5MGEMLZRS4;
						SystemCapabilities = {
							com.apple.InAppPurchase = {
								enabled = 0;
							};
						};
					};
				};
			};
			buildConfigurationList = 92E7FA3A1C8AEF1F00AAEA57 /* Build configuration list for PBXProject "THackMarch2016" */;
			compatibilityVersion = "Xcode 3.2";
			developmentRegion = English;
			hasScannedForEncodings = 0;
			knownRegions = (
				en,
				Base,
			);
			mainGroup = 92E7FA361C8AEF1F00AAEA57;
			productRefGroup = 92E7FA401C8AEF1F00AAEA57 /* Products */;
			projectDirPath = "";
			projectRoot = "";
			targets = (
				92E7FA3E1C8AEF1F00AAEA57 /* THackMarch2016 */,
			);
		};
/* End PBXProject section */

/* Begin PBXResourcesBuildPhase section */
		92E7FA3D1C8AEF1F00AAEA57 /* Resources */ = {
			isa = PBXResourcesBuildPhase;
			buildActionMask = 2147483647;
			files = (
				92E7FAA01C8AF74A00AAEA57 /* Oswald-HeavyItalic.ttf in Resources */,
				92E7FAA71C8AF74A00AAEA57 /* Oswald-Stencil.ttf in Resources */,
				92E7FA9B1C8AF74A00AAEA57 /* Oswald-Demi-BoldItalic.ttf in Resources */,
				92E7FA4D1C8AEF1F00AAEA57 /* LaunchScreen.storyboard in Resources */,
				92E7FAA31C8AF74A00AAEA57 /* Oswald-Medium.ttf in Resources */,
				92E7FAA21C8AF74A00AAEA57 /* Oswald-LightItalic.ttf in Resources */,
				92E7FAA41C8AF74A00AAEA57 /* Oswald-MediumItalic.ttf in Resources */,
				92E7FB121C8B0FEC00AAEA57 /* TabBarItem.xib in Resources */,
				92E7FAA11C8AF74A00AAEA57 /* Oswald-Light.ttf in Resources */,
				92E7FAA51C8AF74A00AAEA57 /* Oswald-Regular.ttf in Resources */,
				92E7FA9F1C8AF74A00AAEA57 /* Oswald-Heavy.ttf in Resources */,
				92E7FB2F1C8B4ED800AAEA57 /* FacebookSDKStrings.bundle in Resources */,
				92E7FAA61C8AF74A00AAEA57 /* Oswald-RegularItalic.ttf in Resources */,
				92E7FA4A1C8AEF1F00AAEA57 /* Assets.xcassets in Resources */,
				92E7FA9C1C8AF74A00AAEA57 /* Oswald-DemiBold.ttf in Resources */,
				92E7FA481C8AEF1F00AAEA57 /* Main.storyboard in Resources */,
				92E7FA9A1C8AF74A00AAEA57 /* Oswald-BoldItalic.ttf in Resources */,
				92E7FA9D1C8AF74A00AAEA57 /* Oswald-Extra-LightItalic.ttf in Resources */,
				92E7FA991C8AF74A00AAEA57 /* Oswald-Bold.ttf in Resources */,
				92E7FA9E1C8AF74A00AAEA57 /* Oswald-ExtraLight.ttf in Resources */,
			);
			runOnlyForDeploymentPostprocessing = 0;
		};
/* End PBXResourcesBuildPhase section */

/* Begin PBXShellScriptBuildPhase section */
		19140E9529DD3B20263F45C5 /* Copy Pods Resources */ = {
			isa = PBXShellScriptBuildPhase;
			buildActionMask = 2147483647;
			files = (
			);
			inputPaths = (
			);
			name = "Copy Pods Resources";
			outputPaths = (
			);
			runOnlyForDeploymentPostprocessing = 0;
			shellPath = /bin/sh;
			shellScript = "\"${SRCROOT}/Pods/Target Support Files/Pods/Pods-resources.sh\"\n";
			showEnvVarsInLog = 0;
		};
		A3ACA74F07E73A4A54456816 /* Embed Pods Frameworks */ = {
			isa = PBXShellScriptBuildPhase;
			buildActionMask = 2147483647;
			files = (
			);
			inputPaths = (
			);
			name = "Embed Pods Frameworks";
			outputPaths = (
			);
			runOnlyForDeploymentPostprocessing = 0;
			shellPath = /bin/sh;
			shellScript = "\"${SRCROOT}/Pods/Target Support Files/Pods/Pods-frameworks.sh\"\n";
			showEnvVarsInLog = 0;
		};
		D4554D79544F30049E02394A /* Check Pods Manifest.lock */ = {
			isa = PBXShellScriptBuildPhase;
			buildActionMask = 2147483647;
			files = (
			);
			inputPaths = (
			);
			name = "Check Pods Manifest.lock";
			outputPaths = (
			);
			runOnlyForDeploymentPostprocessing = 0;
			shellPath = /bin/sh;
			shellScript = "diff \"${PODS_ROOT}/../Podfile.lock\" \"${PODS_ROOT}/Manifest.lock\" > /dev/null\nif [[ $? != 0 ]] ; then\n    cat << EOM\nerror: The sandbox is not in sync with the Podfile.lock. Run 'pod install' or update your CocoaPods installation.\nEOM\n    exit 1\nfi\n";
			showEnvVarsInLog = 0;
		};
/* End PBXShellScriptBuildPhase section */

/* Begin PBXSourcesBuildPhase section */
		92E7FA3B1C8AEF1F00AAEA57 /* Sources */ = {
			isa = PBXSourcesBuildPhase;
			buildActionMask = 2147483647;
			files = (
				92E7FA451C8AEF1F00AAEA57 /* LoginViewController.swift in Sources */,
				92E7FAA91C8AFC4400AAEA57 /* UIColorExtension.swift in Sources */,
				92E7FA5D1C8AF3C200AAEA57 /* RealmExtension.swift in Sources */,
				82DA85E41C8AFC1000ADB899 /* FlightsParser.swift in Sources */,
				82DA85E61C8B020000ADB899 /* TrainsParser.swift in Sources */,
				92E7FB221C8B289000AAEA57 /* AddTripViewController.swift in Sources */,
				92E7FA621C8AF52400AAEA57 /* DataModelMigration.swift in Sources */,
				921714E31C8B691F00355736 /* ClientModel.swift in Sources */,
				92E7FB261C8B385000AAEA57 /* AddTripResultsTableViewController.swift in Sources */,
				92E7FB281C8B48F100AAEA57 /* THUnderlineButton.swift in Sources */,
				92E7FB071C8B0F5E00AAEA57 /* ProfileViewController.swift in Sources */,
				92E7FAFD1C8B046B00AAEA57 /* NSLayoutConstraint+PureLayout.m in Sources */,
				92E7FAFC1C8B046B00AAEA57 /* NSArray+PureLayout.m in Sources */,
				92E7FB051C8B0F5600AAEA57 /* TripsViewController.swift in Sources */,
				92E7FB0C1C8B0FC900AAEA57 /* UIView+AZViewFromNib.m in Sources */,
				92E7FB091C8B0F6400AAEA57 /* SettingsViewController.swift in Sources */,
				92E7FAFF1C8B0EA100AAEA57 /* AZTabBarController.swift in Sources */,
				92E7FB241C8B329B00AAEA57 /* DatePickerDialog.swift in Sources */,
				92E7FAFB1C8B046B00AAEA57 /* ALView+PureLayout.m in Sources */,
				92E7FB151C8B148300AAEA57 /* NavigationViewController.swift in Sources */,
				92E7FB1E1C8B24AD00AAEA57 /* TripTableViewCell.swift in Sources */,
				92E7FB171C8B14ED00AAEA57 /* Image.swift in Sources */,
				92E7FA431C8AEF1F00AAEA57 /* AppDelegate.swift in Sources */,
				92E7FA5C1C8AF3C200AAEA57 /* ObjectExtension.swift in Sources */,
				92E7FB1C1C8B21CA00AAEA57 /* THCircleVIew.swift in Sources */,
				92E7FA611C8AF52400AAEA57 /* DataModelController.swift in Sources */,
				92E7FAAF1C8AFED900AAEA57 /* THStyleButton.swift in Sources */,
				82DA85E91C8B42A700ADB899 /* FlightSearchResultTableViewCell.swift in Sources */,
				92E7FB111C8B0FEC00AAEA57 /* TabBarItem.swift in Sources */,
			);
			runOnlyForDeploymentPostprocessing = 0;
		};
/* End PBXSourcesBuildPhase section */

/* Begin PBXVariantGroup section */
		92E7FA461C8AEF1F00AAEA57 /* Main.storyboard */ = {
			isa = PBXVariantGroup;
			children = (
				92E7FA471C8AEF1F00AAEA57 /* Base */,
			);
			name = Main.storyboard;
			sourceTree = "<group>";
		};
		92E7FA4B1C8AEF1F00AAEA57 /* LaunchScreen.storyboard */ = {
			isa = PBXVariantGroup;
			children = (
				92E7FA4C1C8AEF1F00AAEA57 /* Base */,
			);
			name = LaunchScreen.storyboard;
			sourceTree = "<group>";
		};
/* End PBXVariantGroup section */

/* Begin XCBuildConfiguration section */
		92E7FA4F1C8AEF1F00AAEA57 /* Debug */ = {
			isa = XCBuildConfiguration;
			buildSettings = {
				ALWAYS_SEARCH_USER_PATHS = NO;
				CLANG_CXX_LANGUAGE_STANDARD = "gnu++0x";
				CLANG_CXX_LIBRARY = "libc++";
				CLANG_ENABLE_MODULES = YES;
				CLANG_ENABLE_OBJC_ARC = YES;
				CLANG_WARN_BOOL_CONVERSION = YES;
				CLANG_WARN_CONSTANT_CONVERSION = YES;
				CLANG_WARN_DIRECT_OBJC_ISA_USAGE = YES_ERROR;
				CLANG_WARN_EMPTY_BODY = YES;
				CLANG_WARN_ENUM_CONVERSION = YES;
				CLANG_WARN_INT_CONVERSION = YES;
				CLANG_WARN_OBJC_ROOT_CLASS = YES_ERROR;
				CLANG_WARN_UNREACHABLE_CODE = YES;
				CLANG_WARN__DUPLICATE_METHOD_MATCH = YES;
				"CODE_SIGN_IDENTITY[sdk=iphoneos*]" = "iPhone Developer";
				COPY_PHASE_STRIP = NO;
				DEBUG_INFORMATION_FORMAT = dwarf;
				ENABLE_STRICT_OBJC_MSGSEND = YES;
				ENABLE_TESTABILITY = YES;
				GCC_C_LANGUAGE_STANDARD = gnu99;
				GCC_DYNAMIC_NO_PIC = NO;
				GCC_NO_COMMON_BLOCKS = YES;
				GCC_OPTIMIZATION_LEVEL = 0;
				GCC_PREPROCESSOR_DEFINITIONS = (
					"DEBUG=1",
					"$(inherited)",
				);
				GCC_WARN_64_TO_32_BIT_CONVERSION = YES;
				GCC_WARN_ABOUT_RETURN_TYPE = YES_ERROR;
				GCC_WARN_UNDECLARED_SELECTOR = YES;
				GCC_WARN_UNINITIALIZED_AUTOS = YES_AGGRESSIVE;
				GCC_WARN_UNUSED_FUNCTION = YES;
				GCC_WARN_UNUSED_VARIABLE = YES;
				IPHONEOS_DEPLOYMENT_TARGET = 9.2;
				MTL_ENABLE_DEBUG_INFO = YES;
				ONLY_ACTIVE_ARCH = YES;
				SDKROOT = iphoneos;
				SWIFT_OPTIMIZATION_LEVEL = "-Onone";
			};
			name = Debug;
		};
		92E7FA501C8AEF1F00AAEA57 /* Release */ = {
			isa = XCBuildConfiguration;
			buildSettings = {
				ALWAYS_SEARCH_USER_PATHS = NO;
				CLANG_CXX_LANGUAGE_STANDARD = "gnu++0x";
				CLANG_CXX_LIBRARY = "libc++";
				CLANG_ENABLE_MODULES = YES;
				CLANG_ENABLE_OBJC_ARC = YES;
				CLANG_WARN_BOOL_CONVERSION = YES;
				CLANG_WARN_CONSTANT_CONVERSION = YES;
				CLANG_WARN_DIRECT_OBJC_ISA_USAGE = YES_ERROR;
				CLANG_WARN_EMPTY_BODY = YES;
				CLANG_WARN_ENUM_CONVERSION = YES;
				CLANG_WARN_INT_CONVERSION = YES;
				CLANG_WARN_OBJC_ROOT_CLASS = YES_ERROR;
				CLANG_WARN_UNREACHABLE_CODE = YES;
				CLANG_WARN__DUPLICATE_METHOD_MATCH = YES;
				"CODE_SIGN_IDENTITY[sdk=iphoneos*]" = "iPhone Developer";
				COPY_PHASE_STRIP = NO;
				DEBUG_INFORMATION_FORMAT = "dwarf-with-dsym";
				ENABLE_NS_ASSERTIONS = NO;
				ENABLE_STRICT_OBJC_MSGSEND = YES;
				GCC_C_LANGUAGE_STANDARD = gnu99;
				GCC_NO_COMMON_BLOCKS = YES;
				GCC_WARN_64_TO_32_BIT_CONVERSION = YES;
				GCC_WARN_ABOUT_RETURN_TYPE = YES_ERROR;
				GCC_WARN_UNDECLARED_SELECTOR = YES;
				GCC_WARN_UNINITIALIZED_AUTOS = YES_AGGRESSIVE;
				GCC_WARN_UNUSED_FUNCTION = YES;
				GCC_WARN_UNUSED_VARIABLE = YES;
				IPHONEOS_DEPLOYMENT_TARGET = 9.2;
				MTL_ENABLE_DEBUG_INFO = NO;
				SDKROOT = iphoneos;
				VALIDATE_PRODUCT = YES;
			};
			name = Release;
		};
		92E7FA521C8AEF1F00AAEA57 /* Debug */ = {
			isa = XCBuildConfiguration;
			baseConfigurationReference = 32F2547C821ACCF2A219DDA6 /* Pods.debug.xcconfig */;
			buildSettings = {
				ASSETCATALOG_COMPILER_APPICON_NAME = AppIcon;
				CLANG_ENABLE_MODULES = YES;
				FRAMEWORK_SEARCH_PATHS = (
					"$(inherited)",
					"$(PROJECT_DIR)",
				);
				INFOPLIST_FILE = THackMarch2016/Info.plist;
				IPHONEOS_DEPLOYMENT_TARGET = 9.0;
				LD_RUNPATH_SEARCH_PATHS = "$(inherited) @executable_path/Frameworks";
				OTHER_LDFLAGS = (
					"-framework",
					"\"Alamofire\"",
					"-framework",
					"\"ChameleonFramework\"",
					"-framework",
					"\"FrameAccessor\"",
					"-framework",
					"\"MGSwipeTableCell\"",
					"-framework",
					"\"OAuthSwift\"",
					"-framework",
					"\"Realm\"",
					"-framework",
					"\"RealmSwift\"",
					"-framework",
					"\"SVProgressHUD\"",
					"-framework",
					"\"SwiftyJSON\"",
					"-framework",
					"\"TextFieldEffects\"",
					"-framework",
					"\"Timepiece\"",
					"-framework",
					"\"pop\"",
				);
				PRODUCT_BUNDLE_IDENTIFIER = com.alexAndVadim.THackMarch2016;
				PRODUCT_NAME = "$(TARGET_NAME)";
				SWIFT_OBJC_BRIDGING_HEADER = "THackMarch2016/THackMarch2016-Bridging-Header.h";
				SWIFT_OPTIMIZATION_LEVEL = "-Onone";
			};
			name = Debug;
		};
		92E7FA531C8AEF1F00AAEA57 /* Release */ = {
			isa = XCBuildConfiguration;
			baseConfigurationReference = E91BC5E9A83E4377A5CF1BFF /* Pods.release.xcconfig */;
			buildSettings = {
				ASSETCATALOG_COMPILER_APPICON_NAME = AppIcon;
				CLANG_ENABLE_MODULES = YES;
				FRAMEWORK_SEARCH_PATHS = (
					"$(inherited)",
					"$(PROJECT_DIR)",
				);
				INFOPLIST_FILE = THackMarch2016/Info.plist;
				IPHONEOS_DEPLOYMENT_TARGET = 9.0;
				LD_RUNPATH_SEARCH_PATHS = "$(inherited) @executable_path/Frameworks";
				OTHER_LDFLAGS = (
					"-framework",
					"\"Alamofire\"",
					"-framework",
					"\"ChameleonFramework\"",
					"-framework",
					"\"FrameAccessor\"",
					"-framework",
					"\"MGSwipeTableCell\"",
					"-framework",
					"\"OAuthSwift\"",
					"-framework",
					"\"Realm\"",
					"-framework",
					"\"RealmSwift\"",
					"-framework",
					"\"SVProgressHUD\"",
					"-framework",
					"\"SwiftyJSON\"",
					"-framework",
					"\"TextFieldEffects\"",
					"-framework",
					"\"Timepiece\"",
					"-framework",
					"\"pop\"",
				);
				PRODUCT_BUNDLE_IDENTIFIER = com.alexAndVadim.THackMarch2016;
				PRODUCT_NAME = "$(TARGET_NAME)";
				SWIFT_OBJC_BRIDGING_HEADER = "THackMarch2016/THackMarch2016-Bridging-Header.h";
			};
			name = Release;
		};
/* End XCBuildConfiguration section */

/* Begin XCConfigurationList section */
		92E7FA3A1C8AEF1F00AAEA57 /* Build configuration list for PBXProject "THackMarch2016" */ = {
			isa = XCConfigurationList;
			buildConfigurations = (
				92E7FA4F1C8AEF1F00AAEA57 /* Debug */,
				92E7FA501C8AEF1F00AAEA57 /* Release */,
			);
			defaultConfigurationIsVisible = 0;
			defaultConfigurationName = Release;
		};
		92E7FA511C8AEF1F00AAEA57 /* Build configuration list for PBXNativeTarget "THackMarch2016" */ = {
			isa = XCConfigurationList;
			buildConfigurations = (
				92E7FA521C8AEF1F00AAEA57 /* Debug */,
				92E7FA531C8AEF1F00AAEA57 /* Release */,
			);
			defaultConfigurationIsVisible = 0;
			defaultConfigurationName = Release;
		};
/* End XCConfigurationList section */
	};
	rootObject = 92E7FA371C8AEF1F00AAEA57 /* Project object */;
}
